// !$*UTF8*$!
{
	archiveVersion = 1;
	classes = {
	};
	objectVersion = 46;
	objects = {

/* Begin PBXBuildFile section */
		06DCDF4D726943F783822AB8 /* Pods.framework in Frameworks */ = {isa = PBXBuildFile; fileRef = B573C026ED555F9F39305C18 /* Pods.framework */; };
		E723FEE51CBE63AA00234275 /* JSONWork.swift in Sources */ = {isa = PBXBuildFile; fileRef = E723FEE41CBE63AA00234275 /* JSONWork.swift */; };
		E723FEE71CBE69BC00234275 /* GeneralValues.swift in Sources */ = {isa = PBXBuildFile; fileRef = E723FEE61CBE69BC00234275 /* GeneralValues.swift */; };
		E723FEE91CBE6D8F00234275 /* PopularImage.swift in Sources */ = {isa = PBXBuildFile; fileRef = E723FEE81CBE6D8F00234275 /* PopularImage.swift */; };
		E723FEEB1CBE845500234275 /* ImageViewCotroller.swift in Sources */ = {isa = PBXBuildFile; fileRef = E723FEEA1CBE845500234275 /* ImageViewCotroller.swift */; };
		E723FEED1CBE84E200234275 /* ImageCollectionView.swift in Sources */ = {isa = PBXBuildFile; fileRef = E723FEEC1CBE84E200234275 /* ImageCollectionView.swift */; };
		E723FEEF1CBE854A00234275 /* ImageCollectionController.swift in Sources */ = {isa = PBXBuildFile; fileRef = E723FEEE1CBE854A00234275 /* ImageCollectionController.swift */; };
		E723FEF11CBE862700234275 /* ImageCollectionViewCell.swift in Sources */ = {isa = PBXBuildFile; fileRef = E723FEF01CBE862700234275 /* ImageCollectionViewCell.swift */; };
		E723FEF51CBE898B00234275 /* ImageViewDetailController.swift in Sources */ = {isa = PBXBuildFile; fileRef = E723FEF41CBE898B00234275 /* ImageViewDetailController.swift */; };
		E723FEF71CBE8D0300234275 /* ImageGridFlowLayuot.swift in Sources */ = {isa = PBXBuildFile; fileRef = E723FEF61CBE8D0300234275 /* ImageGridFlowLayuot.swift */; };
		E723FEF91CBE967600234275 /* PhotoInfo.swift in Sources */ = {isa = PBXBuildFile; fileRef = E723FEF81CBE967600234275 /* PhotoInfo.swift */; };
		E723FEFB1CBE96DD00234275 /* PhotoComment.swift in Sources */ = {isa = PBXBuildFile; fileRef = E723FEFA1CBE96DD00234275 /* PhotoComment.swift */; };
		E7A608231CBE4AD700C51912 /* AppDelegate.swift in Sources */ = {isa = PBXBuildFile; fileRef = E7A608221CBE4AD700C51912 /* AppDelegate.swift */; };
		E7A608281CBE4AD700C51912 /* Main.storyboard in Resources */ = {isa = PBXBuildFile; fileRef = E7A608261CBE4AD700C51912 /* Main.storyboard */; };
		E7A6082A1CBE4AD700C51912 /* Assets.xcassets in Resources */ = {isa = PBXBuildFile; fileRef = E7A608291CBE4AD700C51912 /* Assets.xcassets */; };
		E7A6082D1CBE4AD700C51912 /* LaunchScreen.storyboard in Resources */ = {isa = PBXBuildFile; fileRef = E7A6082B1CBE4AD700C51912 /* LaunchScreen.storyboard */; };
		E7A6083A1CBE4ED900C51912 /* Podfile in Resources */ = {isa = PBXBuildFile; fileRef = E7A608391CBE4ED900C51912 /* Podfile */; };
/* End PBXBuildFile section */

/* Begin PBXFileReference section */
		53C1623A7FA52768D91545DB /* Pods.debug.xcconfig */ = {isa = PBXFileReference; includeInIndex = 1; lastKnownFileType = text.xcconfig; name = Pods.debug.xcconfig; path = "Pods/Target Support Files/Pods/Pods.debug.xcconfig"; sourceTree = "<group>"; };
		9DD6B012C12A31939ABAD733 /* Pods.release.xcconfig */ = {isa = PBXFileReference; includeInIndex = 1; lastKnownFileType = text.xcconfig; name = Pods.release.xcconfig; path = "Pods/Target Support Files/Pods/Pods.release.xcconfig"; sourceTree = "<group>"; };
		B573C026ED555F9F39305C18 /* Pods.framework */ = {isa = PBXFileReference; explicitFileType = wrapper.framework; includeInIndex = 0; path = Pods.framework; sourceTree = BUILT_PRODUCTS_DIR; };
		E723FEE41CBE63AA00234275 /* JSONWork.swift */ = {isa = PBXFileReference; fileEncoding = 4; lastKnownFileType = sourcecode.swift; path = JSONWork.swift; sourceTree = "<group>"; };
		E723FEE61CBE69BC00234275 /* GeneralValues.swift */ = {isa = PBXFileReference; fileEncoding = 4; lastKnownFileType = sourcecode.swift; path = GeneralValues.swift; sourceTree = "<group>"; };
		E723FEE81CBE6D8F00234275 /* PopularImage.swift */ = {isa = PBXFileReference; fileEncoding = 4; lastKnownFileType = sourcecode.swift; path = PopularImage.swift; sourceTree = "<group>"; };
		E723FEEA1CBE845500234275 /* ImageViewCotroller.swift */ = {isa = PBXFileReference; fileEncoding = 4; lastKnownFileType = sourcecode.swift; path = ImageViewCotroller.swift; sourceTree = "<group>"; };
		E723FEEC1CBE84E200234275 /* ImageCollectionView.swift */ = {isa = PBXFileReference; fileEncoding = 4; lastKnownFileType = sourcecode.swift; path = ImageCollectionView.swift; sourceTree = "<group>"; };
		E723FEEE1CBE854A00234275 /* ImageCollectionController.swift */ = {isa = PBXFileReference; fileEncoding = 4; lastKnownFileType = sourcecode.swift; path = ImageCollectionController.swift; sourceTree = "<group>"; };
		E723FEF01CBE862700234275 /* ImageCollectionViewCell.swift */ = {isa = PBXFileReference; fileEncoding = 4; lastKnownFileType = sourcecode.swift; path = ImageCollectionViewCell.swift; sourceTree = "<group>"; };
		E723FEF41CBE898B00234275 /* ImageViewDetailController.swift */ = {isa = PBXFileReference; fileEncoding = 4; lastKnownFileType = sourcecode.swift; path = ImageViewDetailController.swift; sourceTree = "<group>"; };
		E723FEF61CBE8D0300234275 /* ImageGridFlowLayuot.swift */ = {isa = PBXFileReference; fileEncoding = 4; lastKnownFileType = sourcecode.swift; path = ImageGridFlowLayuot.swift; sourceTree = "<group>"; };
		E723FEF81CBE967600234275 /* PhotoInfo.swift */ = {isa = PBXFileReference; fileEncoding = 4; lastKnownFileType = sourcecode.swift; path = PhotoInfo.swift; sourceTree = "<group>"; };
		E723FEFA1CBE96DD00234275 /* PhotoComment.swift */ = {isa = PBXFileReference; fileEncoding = 4; lastKnownFileType = sourcecode.swift; path = PhotoComment.swift; sourceTree = "<group>"; };
		E7A6081F1CBE4AD700C51912 /* PhotoViewerWhithAlamofire.app */ = {isa = PBXFileReference; explicitFileType = wrapper.application; includeInIndex = 0; path = PhotoViewerWhithAlamofire.app; sourceTree = BUILT_PRODUCTS_DIR; };
		E7A608221CBE4AD700C51912 /* AppDelegate.swift */ = {isa = PBXFileReference; lastKnownFileType = sourcecode.swift; path = AppDelegate.swift; sourceTree = "<group>"; };
		E7A608271CBE4AD700C51912 /* Base */ = {isa = PBXFileReference; lastKnownFileType = file.storyboard; name = Base; path = Base.lproj/Main.storyboard; sourceTree = "<group>"; };
		E7A608291CBE4AD700C51912 /* Assets.xcassets */ = {isa = PBXFileReference; lastKnownFileType = folder.assetcatalog; name = Assets.xcassets; path = ../Assets.xcassets; sourceTree = "<group>"; };
		E7A6082C1CBE4AD700C51912 /* Base */ = {isa = PBXFileReference; lastKnownFileType = file.storyboard; name = Base; path = Base.lproj/LaunchScreen.storyboard; sourceTree = "<group>"; };
		E7A6082E1CBE4AD700C51912 /* Info.plist */ = {isa = PBXFileReference; lastKnownFileType = text.plist.xml; name = Info.plist; path = ../Info.plist; sourceTree = "<group>"; };
		E7A608391CBE4ED900C51912 /* Podfile */ = {isa = PBXFileReference; fileEncoding = 4; lastKnownFileType = text; path = Podfile; sourceTree = "<group>"; };
/* End PBXFileReference section */

/* Begin PBXFrameworksBuildPhase section */
		E7A6081C1CBE4AD700C51912 /* Frameworks */ = {
			isa = PBXFrameworksBuildPhase;
			buildActionMask = 2147483647;
			files = (
				06DCDF4D726943F783822AB8 /* Pods.framework in Frameworks */,
			);
			runOnlyForDeploymentPostprocessing = 0;
		};
/* End PBXFrameworksBuildPhase section */

/* Begin PBXGroup section */
		1DB7810FB3B761E4058F452E /* Pods */ = {
			isa = PBXGroup;
			children = (
				53C1623A7FA52768D91545DB /* Pods.debug.xcconfig */,
				9DD6B012C12A31939ABAD733 /* Pods.release.xcconfig */,
			);
			name = Pods;
			sourceTree = "<group>";
		};
		20376717CF4C4E5743ACB4C0 /* Frameworks */ = {
			isa = PBXGroup;
			children = (
				B573C026ED555F9F39305C18 /* Pods.framework */,
			);
			name = Frameworks;
			sourceTree = "<group>";
		};
		E7A608161CBE4AD700C51912 = {
			isa = PBXGroup;
			children = (
				E7A608391CBE4ED900C51912 /* Podfile */,
				E7A608211CBE4AD700C51912 /* PhotoViewerWhithAlamofire */,
				E7A608201CBE4AD700C51912 /* Products */,
				1DB7810FB3B761E4058F452E /* Pods */,
				20376717CF4C4E5743ACB4C0 /* Frameworks */,
			);
			sourceTree = "<group>";
		};
		E7A608201CBE4AD700C51912 /* Products */ = {
			isa = PBXGroup;
			children = (
				E7A6081F1CBE4AD700C51912 /* PhotoViewerWhithAlamofire.app */,
			);
			name = Products;
			sourceTree = "<group>";
		};
		E7A608211CBE4AD700C51912 /* PhotoViewerWhithAlamofire */ = {
			isa = PBXGroup;
			children = (
				E7A608221CBE4AD700C51912 /* AppDelegate.swift */,
				E7A608351CBE4CF400C51912 /* Helpers */,
				E7A608361CBE4CF400C51912 /* Model */,
				E7A608381CBE4D7A00C51912 /* View */,
				E7A608341CBE4CF400C51912 /* Controller */,
				E7A608371CBE4D7A00C51912 /* SourseFile */,
			);
			path = PhotoViewerWhithAlamofire;
			sourceTree = "<group>";
		};
		E7A608341CBE4CF400C51912 /* Controller */ = {
			isa = PBXGroup;
			children = (
				E723FEEA1CBE845500234275 /* ImageViewCotroller.swift */,
				E723FEEE1CBE854A00234275 /* ImageCollectionController.swift */,
				E723FEF41CBE898B00234275 /* ImageViewDetailController.swift */,
			);
			path = Controller;
			sourceTree = "<group>";
		};
		E7A608351CBE4CF400C51912 /* Helpers */ = {
			isa = PBXGroup;
			children = (
				E723FEE41CBE63AA00234275 /* JSONWork.swift */,
				E723FEE61CBE69BC00234275 /* GeneralValues.swift */,
			);
			path = Helpers;
			sourceTree = "<group>";
		};
		E7A608361CBE4CF400C51912 /* Model */ = {
			isa = PBXGroup;
			children = (
				E723FEE81CBE6D8F00234275 /* PopularImage.swift */,
				E723FEF81CBE967600234275 /* PhotoInfo.swift */,
				E723FEFA1CBE96DD00234275 /* PhotoComment.swift */,
			);
			path = Model;
			sourceTree = "<group>";
		};
		E7A608371CBE4D7A00C51912 /* SourseFile */ = {
			isa = PBXGroup;
			children = (
				E7A608291CBE4AD700C51912 /* Assets.xcassets */,
				E7A6082B1CBE4AD700C51912 /* LaunchScreen.storyboard */,
				E7A6082E1CBE4AD700C51912 /* Info.plist */,
			);
			path = SourseFile;
			sourceTree = "<group>";
		};
		E7A608381CBE4D7A00C51912 /* View */ = {
			isa = PBXGroup;
			children = (
				E7A608261CBE4AD700C51912 /* Main.storyboard */,
				E723FEEC1CBE84E200234275 /* ImageCollectionView.swift */,
				E723FEF01CBE862700234275 /* ImageCollectionViewCell.swift */,
				E723FEF61CBE8D0300234275 /* ImageGridFlowLayuot.swift */,
			);
			path = View;
			sourceTree = "<group>";
		};
/* End PBXGroup section */

/* Begin PBXNativeTarget section */
		E7A6081E1CBE4AD700C51912 /* PhotoViewerWhithAlamofire */ = {
			isa = PBXNativeTarget;
			buildConfigurationList = E7A608311CBE4AD700C51912 /* Build configuration list for PBXNativeTarget "PhotoViewerWhithAlamofire" */;
			buildPhases = (
				A299F070CE74574E77EAFBCD /* Check Pods Manifest.lock */,
				E7A6081B1CBE4AD700C51912 /* Sources */,
				E7A6081C1CBE4AD700C51912 /* Frameworks */,
				E7A6081D1CBE4AD700C51912 /* Resources */,
				A6F7BB27C9ADEBDAE88D61BF /* Embed Pods Frameworks */,
				66A51D688EED1B8EC8C7D0DD /* Copy Pods Resources */,
			);
			buildRules = (
			);
			dependencies = (
			);
			name = PhotoViewerWhithAlamofire;
			productName = PhotoViewerWhithAlamofire;
			productReference = E7A6081F1CBE4AD700C51912 /* PhotoViewerWhithAlamofire.app */;
			productType = "com.apple.product-type.application";
		};
/* End PBXNativeTarget section */

/* Begin PBXProject section */
		E7A608171CBE4AD700C51912 /* Project object */ = {
			isa = PBXProject;
			attributes = {
				LastSwiftUpdateCheck = 0730;
				LastUpgradeCheck = 0730;
				ORGANIZATIONNAME = mc373;
				TargetAttributes = {
					E7A6081E1CBE4AD700C51912 = {
						CreatedOnToolsVersion = 7.3;
					};
				};
			};
			buildConfigurationList = E7A6081A1CBE4AD700C51912 /* Build configuration list for PBXProject "PhotoViewerWhithAlamofire" */;
			compatibilityVersion = "Xcode 3.2";
			developmentRegion = English;
			hasScannedForEncodings = 0;
			knownRegions = (
				en,
				Base,
			);
			mainGroup = E7A608161CBE4AD700C51912;
			productRefGroup = E7A608201CBE4AD700C51912 /* Products */;
			projectDirPath = "";
			projectRoot = "";
			targets = (
				E7A6081E1CBE4AD700C51912 /* PhotoViewerWhithAlamofire */,
			);
		};
/* End PBXProject section */

/* Begin PBXResourcesBuildPhase section */
		E7A6081D1CBE4AD700C51912 /* Resources */ = {
			isa = PBXResourcesBuildPhase;
			buildActionMask = 2147483647;
			files = (
				E7A6082D1CBE4AD700C51912 /* LaunchScreen.storyboard in Resources */,
				E7A6082A1CBE4AD700C51912 /* Assets.xcassets in Resources */,
				E7A6083A1CBE4ED900C51912 /* Podfile in Resources */,
				E7A608281CBE4AD700C51912 /* Main.storyboard in Resources */,
			);
			runOnlyForDeploymentPostprocessing = 0;
		};
/* End PBXResourcesBuildPhase section */

/* Begin PBXShellScriptBuildPhase section */
		66A51D688EED1B8EC8C7D0DD /* Copy Pods Resources */ = {
			isa = PBXShellScriptBuildPhase;
			buildActionMask = 2147483647;
			files = (
			);
			inputPaths = (
			);
			name = "Copy Pods Resources";
			outputPaths = (
			);
			runOnlyForDeploymentPostprocessing = 0;
			shellPath = /bin/sh;
			shellScript = "\"${SRCROOT}/Pods/Target Support Files/Pods/Pods-resources.sh\"\n";
			showEnvVarsInLog = 0;
		};
		A299F070CE74574E77EAFBCD /* Check Pods Manifest.lock */ = {
			isa = PBXShellScriptBuildPhase;
			buildActionMask = 2147483647;
			files = (
			);
			inputPaths = (
			);
			name = "Check Pods Manifest.lock";
			outputPaths = (
			);
			runOnlyForDeploymentPostprocessing = 0;
			shellPath = /bin/sh;
			shellScript = "diff \"${PODS_ROOT}/../Podfile.lock\" \"${PODS_ROOT}/Manifest.lock\" > /dev/null\nif [[ $? != 0 ]] ; then\n    cat << EOM\nerror: The sandbox is not in sync with the Podfile.lock. Run 'pod install' or update your CocoaPods installation.\nEOM\n    exit 1\nfi\n";
			showEnvVarsInLog = 0;
		};
		A6F7BB27C9ADEBDAE88D61BF /* Embed Pods Frameworks */ = {
			isa = PBXShellScriptBuildPhase;
			buildActionMask = 2147483647;
			files = (
			);
			inputPaths = (
			);
			name = "Embed Pods Frameworks";
			outputPaths = (
			);
			runOnlyForDeploymentPostprocessing = 0;
			shellPath = /bin/sh;
			shellScript = "\"${SRCROOT}/Pods/Target Support Files/Pods/Pods-frameworks.sh\"\n";
			showEnvVarsInLog = 0;
		};
/* End PBXShellScriptBuildPhase section */

/* Begin PBXSourcesBuildPhase section */
		E7A6081B1CBE4AD700C51912 /* Sources */ = {
			isa = PBXSourcesBuildPhase;
			buildActionMask = 2147483647;
			files = (
				E723FEF91CBE967600234275 /* PhotoInfo.swift in Sources */,
				E723FEFB1CBE96DD00234275 /* PhotoComment.swift in Sources */,
				E723FEEF1CBE854A00234275 /* ImageCollectionController.swift in Sources */,
				E723FEF51CBE898B00234275 /* ImageViewDetailController.swift in Sources */,
				E723FEED1CBE84E200234275 /* ImageCollectionView.swift in Sources */,
				E723FEF11CBE862700234275 /* ImageCollectionViewCell.swift in Sources */,
				E723FEF71CBE8D0300234275 /* ImageGridFlowLayuot.swift in Sources */,
				E723FEE71CBE69BC00234275 /* GeneralValues.swift in Sources */,
				E723FEEB1CBE845500234275 /* ImageViewCotroller.swift in Sources */,
				E723FEE51CBE63AA00234275 /* JSONWork.swift in Sources */,
				E7A608231CBE4AD700C51912 /* AppDelegate.swift in Sources */,
				E723FEE91CBE6D8F00234275 /* PopularImage.swift in Sources */,
			);
			runOnlyForDeploymentPostprocessing = 0;
		};
/* End PBXSourcesBuildPhase section */

/* Begin PBXVariantGroup section */
		E7A608261CBE4AD700C51912 /* Main.storyboard */ = {
			isa = PBXVariantGroup;
			children = (
				E7A608271CBE4AD700C51912 /* Base */,
			);
			name = Main.storyboard;
			path = ..;
			sourceTree = "<group>";
		};
		E7A6082B1CBE4AD700C51912 /* LaunchScreen.storyboard */ = {
			isa = PBXVariantGroup;
			children = (
				E7A6082C1CBE4AD700C51912 /* Base */,
			);
			name = LaunchScreen.storyboard;
			path = ..;
			sourceTree = "<group>";
		};
/* End PBXVariantGroup section */

/* Begin XCBuildConfiguration section */
		E7A6082F1CBE4AD700C51912 /* Debug */ = {
			isa = XCBuildConfiguration;
			buildSettings = {
				ALWAYS_SEARCH_USER_PATHS = NO;
				CLANG_ANALYZER_NONNULL = YES;
				CLANG_CXX_LANGUAGE_STANDARD = "gnu++0x";
				CLANG_CXX_LIBRARY = "libc++";
				CLANG_ENABLE_MODULES = YES;
				CLANG_ENABLE_OBJC_ARC = YES;
				CLANG_WARN_BOOL_CONVERSION = YES;
				CLANG_WARN_CONSTANT_CONVERSION = YES;
				CLANG_WARN_DIRECT_OBJC_ISA_USAGE = YES_ERROR;
				CLANG_WARN_EMPTY_BODY = YES;
				CLANG_WARN_ENUM_CONVERSION = YES;
				CLANG_WARN_INT_CONVERSION = YES;
				CLANG_WARN_OBJC_ROOT_CLASS = YES_ERROR;
				CLANG_WARN_UNREACHABLE_CODE = YES;
				CLANG_WARN__DUPLICATE_METHOD_MATCH = YES;
				"CODE_SIGN_IDENTITY[sdk=iphoneos*]" = "iPhone Developer";
				COPY_PHASE_STRIP = NO;
				DEBUG_INFORMATION_FORMAT = dwarf;
				ENABLE_STRICT_OBJC_MSGSEND = YES;
				ENABLE_TESTABILITY = YES;
				GCC_C_LANGUAGE_STANDARD = gnu99;
				GCC_DYNAMIC_NO_PIC = NO;
				GCC_NO_COMMON_BLOCKS = YES;
				GCC_OPTIMIZATION_LEVEL = 0;
				GCC_PREPROCESSOR_DEFINITIONS = (
					"DEBUG=1",
					"$(inherited)",
				);
				GCC_WARN_64_TO_32_BIT_CONVERSION = YES;
				GCC_WARN_ABOUT_RETURN_TYPE = YES_ERROR;
				GCC_WARN_UNDECLARED_SELECTOR = YES;
				GCC_WARN_UNINITIALIZED_AUTOS = YES_AGGRESSIVE;
				GCC_WARN_UNUSED_FUNCTION = YES;
				GCC_WARN_UNUSED_VARIABLE = YES;
				IPHONEOS_DEPLOYMENT_TARGET = 9.3;
				MTL_ENABLE_DEBUG_INFO = YES;
				ONLY_ACTIVE_ARCH = YES;
				SDKROOT = iphoneos;
				SWIFT_OPTIMIZATION_LEVEL = "-Onone";
				TARGETED_DEVICE_FAMILY = "1,2";
			};
			name = Debug;
		};
		E7A608301CBE4AD700C51912 /* Release */ = {
			isa = XCBuildConfiguration;
			buildSettings = {
				ALWAYS_SEARCH_USER_PATHS = NO;
				CLANG_ANALYZER_NONNULL = YES;
				CLANG_CXX_LANGUAGE_STANDARD = "gnu++0x";
				CLANG_CXX_LIBRARY = "libc++";
				CLANG_ENABLE_MODULES = YES;
				CLANG_ENABLE_OBJC_ARC = YES;
				CLANG_WARN_BOOL_CONVERSION = YES;
				CLANG_WARN_CONSTANT_CONVERSION = YES;
				CLANG_WARN_DIRECT_OBJC_ISA_USAGE = YES_ERROR;
				CLANG_WARN_EMPTY_BODY = YES;
				CLANG_WARN_ENUM_CONVERSION = YES;
				CLANG_WARN_INT_CONVERSION = YES;
				CLANG_WARN_OBJC_ROOT_CLASS = YES_ERROR;
				CLANG_WARN_UNREACHABLE_CODE = YES;
				CLANG_WARN__DUPLICATE_METHOD_MATCH = YES;
				"CODE_SIGN_IDENTITY[sdk=iphoneos*]" = "iPhone Developer";
				COPY_PHASE_STRIP = NO;
				DEBUG_INFORMATION_FORMAT = "dwarf-with-dsym";
				ENABLE_NS_ASSERTIONS = NO;
				ENABLE_STRICT_OBJC_MSGSEND = YES;
				GCC_C_LANGUAGE_STANDARD = gnu99;
				GCC_NO_COMMON_BLOCKS = YES;
				GCC_WARN_64_TO_32_BIT_CONVERSION = YES;
				GCC_WARN_ABOUT_RETURN_TYPE = YES_ERROR;
				GCC_WARN_UNDECLARED_SELECTOR = YES;
				GCC_WARN_UNINITIALIZED_AUTOS = YES_AGGRESSIVE;
				GCC_WARN_UNUSED_FUNCTION = YES;
				GCC_WARN_UNUSED_VARIABLE = YES;
				IPHONEOS_DEPLOYMENT_TARGET = 9.3;
				MTL_ENABLE_DEBUG_INFO = NO;
				SDKROOT = iphoneos;
				TARGETED_DEVICE_FAMILY = "1,2";
				VALIDATE_PRODUCT = YES;
			};
			name = Release;
		};
		E7A608321CBE4AD700C51912 /* Debug */ = {
			isa = XCBuildConfiguration;
			baseConfigurationReference = 53C1623A7FA52768D91545DB /* Pods.debug.xcconfig */;
			buildSettings = {
				ASSETCATALOG_COMPILER_APPICON_NAME = AppIcon;
				INFOPLIST_FILE = PhotoViewerWhithAlamofire/Info.plist;
				LD_RUNPATH_SEARCH_PATHS = "$(inherited) @executable_path/Frameworks";
				PRODUCT_BUNDLE_IDENTIFIER = test.PhotoViewerWhithAlamofire;
				PRODUCT_NAME = "$(TARGET_NAME)";
			};
			name = Debug;
		};
		E7A608331CBE4AD700C51912 /* Release */ = {
			isa = XCBuildConfiguration;
			baseConfigurationReference = 9DD6B012C12A31939ABAD733 /* Pods.release.xcconfig */;
			buildSettings = {
				ASSETCATALOG_COMPILER_APPICON_NAME = AppIcon;
				INFOPLIST_FILE = PhotoViewerWhithAlamofire/Info.plist;
				LD_RUNPATH_SEARCH_PATHS = "$(inherited) @executable_path/Frameworks";
				PRODUCT_BUNDLE_IDENTIFIER = test.PhotoViewerWhithAlamofire;
				PRODUCT_NAME = "$(TARGET_NAME)";
			};
			name = Release;
		};
/* End XCBuildConfiguration section */

/* Begin XCConfigurationList section */
		E7A6081A1CBE4AD700C51912 /* Build configuration list for PBXProject "PhotoViewerWhithAlamofire" */ = {
			isa = XCConfigurationList;
			buildConfigurations = (
				E7A6082F1CBE4AD700C51912 /* Debug */,
				E7A608301CBE4AD700C51912 /* Release */,
			);
			defaultConfigurationIsVisible = 0;
			defaultConfigurationName = Release;
		};
		E7A608311CBE4AD700C51912 /* Build configuration list for PBXNativeTarget "PhotoViewerWhithAlamofire" */ = {
			isa = XCConfigurationList;
			buildConfigurations = (
				E7A608321CBE4AD700C51912 /* Debug */,
				E7A608331CBE4AD700C51912 /* Release */,
			);
			defaultConfigurationIsVisible = 0;
			defaultConfigurationName = Release;
		};
/* End XCConfigurationList section */
	};
	rootObject = E7A608171CBE4AD700C51912 /* Project object */;
}
